
Microsoft Visual Studio Solution File, Format Version 12.00
# Visual Studio Version 17
VisualStudioVersion = 17.10.34928.147
MinimumVisualStudioVersion = 10.0.40219.1
Project("{9A19103F-16F7-4668-BE54-9A1E7A4F7556}") = "com.outlook@styner07.cs.control", "com.outlook@styner07.cs.control\com.outlook@styner07.cs.control.csproj", "{952BD473-4242-4A50-8FFA-61CA8BE27D10}"
EndProject
Project("{9A19103F-16F7-4668-BE54-9A1E7A4F7556}") = "Playground", "Playground\Playground.csproj", "{5E0CD1AA-EFE4-4258-9E0D-367CF8245DBE}"
EndProject
Global
	GlobalSection(SolutionConfigurationPlatforms) = preSolution
		Debug|Any CPU = Debug|Any CPU
		Release|Any CPU = Release|Any CPU
	EndGlobalSection
	GlobalSection(ProjectConfigurationPlatforms) = postSolution
		{952BD473-4242-4A50-8FFA-61CA8BE27D10}.Debug|Any CPU.ActiveCfg = Debug|Any CPU
		{952BD473-4242-4A50-8FFA-61CA8BE27D10}.Debug|Any CPU.Build.0 = Debug|Any CPU
		{952BD473-4242-4A50-8FFA-61CA8BE27D10}.Release|Any CPU.ActiveCfg = Release|Any CPU
		{952BD473-4242-4A50-8FFA-61CA8BE27D10}.Release|Any CPU.Build.0 = Release|Any CPU
		{5E0CD1AA-EFE4-4258-9E0D-367CF8245DBE}.Debug|Any CPU.ActiveCfg = Debug|Any CPU
		{5E0CD1AA-EFE4-4258-9E0D-367CF8245DBE}.Debug|Any CPU.Build.0 = Debug|Any CPU
		{5E0CD1AA-EFE4-4258-9E0D-367CF8245DBE}.Release|Any CPU.ActiveCfg = Release|Any CPU
		{5E0CD1AA-EFE4-4258-9E0D-367CF8245DBE}.Release|Any CPU.Build.0 = Release|Any CPU
	EndGlobalSection
	GlobalSection(SolutionProperties) = preSolution
		HideSolutionNode = FALSE
	EndGlobalSection
	GlobalSection(ExtensibilityGlobals) = postSolution
		SolutionGuid = {2EAD6D2B-CD16-45B4-8317-37ABC8CFC954}
	EndGlobalSection
EndGlobal
